
Microsoft Visual Studio Solution File, Format Version 12.00
# Visual Studio 15
Project("{FAE04EC0-301F-11D3-BF4B-00C04F79EFBC}") = "Assembly-CSharp", "Assembly-CSharp.csproj", "{42FD70E8-2B30-A334-43BD-AB31D4F7F255}"
EndProject
Project("{FAE04EC0-301F-11D3-BF4B-00C04F79EFBC}") = "Assembly-CSharp-Editor", "Assembly-CSharp-Editor.csproj", "{AF3D1DAE-A649-4080-1526-28B004139854}"
EndProject
Global
	GlobalSection(SolutionConfigurationPlatforms) = preSolution
		Debug|Any CPU = Debug|Any CPU
		Release|Any CPU = Release|Any CPU
	EndGlobalSection
	GlobalSection(ProjectConfigurationPlatforms) = postSolution
		{42FD70E8-2B30-A334-43BD-AB31D4F7F255}.Debug|Any CPU.ActiveCfg = Debug|Any CPU
		{42FD70E8-2B30-A334-43BD-AB31D4F7F255}.Debug|Any CPU.Build.0 = Debug|Any CPU
		{42FD70E8-2B30-A334-43BD-AB31D4F7F255}.Release|Any CPU.ActiveCfg = Release|Any CPU
		{42FD70E8-2B30-A334-43BD-AB31D4F7F255}.Release|Any CPU.Build.0 = Release|Any CPU
		{AF3D1DAE-A649-4080-1526-28B004139854}.Debug|Any CPU.ActiveCfg = Debug|Any CPU
		{AF3D1DAE-A649-4080-1526-28B004139854}.Debug|Any CPU.Build.0 = Debug|Any CPU
		{AF3D1DAE-A649-4080-1526-28B004139854}.Release|Any CPU.ActiveCfg = Release|Any CPU
		{AF3D1DAE-A649-4080-1526-28B004139854}.Release|Any CPU.Build.0 = Release|Any CPU
	EndGlobalSection
	GlobalSection(SolutionProperties) = preSolution
		HideSolutionNode = FALSE
	EndGlobalSection
EndGlobal
